
Microsoft Visual Studio Solution File, Format Version 12.00
# Visual Studio Version 16
VisualStudioVersion = 16.0.32106.194
MinimumVisualStudioVersion = 10.0.40219.1
Project("{FAE04EC0-301F-11D3-BF4B-00C04F79EFBC}") = "RingCentralReport", "RingCentralReport.csproj", "{BC589FC6-2A5F-4093-9B02-E00B1680A12D}"
EndProject
Global
	GlobalSection(SolutionConfigurationPlatforms) = preSolution
		Debug|Any CPU = Debug|Any CPU
		Release|Any CPU = Release|Any CPU
	EndGlobalSection
	GlobalSection(ProjectConfigurationPlatforms) = postSolution
		{BC589FC6-2A5F-4093-9B02-E00B1680A12D}.Debug|Any CPU.ActiveCfg = Debug|Any CPU
		{BC589FC6-2A5F-4093-9B02-E00B1680A12D}.Debug|Any CPU.Build.0 = Debug|Any CPU
		{BC589FC6-2A5F-4093-9B02-E00B1680A12D}.Release|Any CPU.ActiveCfg = Release|Any CPU
		{BC589FC6-2A5F-4093-9B02-E00B1680A12D}.Release|Any CPU.Build.0 = Release|Any CPU
	EndGlobalSection
	GlobalSection(SolutionProperties) = preSolution
		HideSolutionNode = FALSE
	EndGlobalSection
	GlobalSection(ExtensibilityGlobals) = postSolution
		SolutionGuid = {BA1E3F2C-FCFB-4915-9F23-196D219CB11D}
	EndGlobalSection
EndGlobal
